
Microsoft Visual Studio Solution File, Format Version 12.00
# Visual Studio Version 16
VisualStudioVersion = 16.0.30128.74
MinimumVisualStudioVersion = 10.0.40219.1
Project("{FAE04EC0-301F-11D3-BF4B-00C04F79EFBC}") = "MaxSumInLine", "MaxSumInLine\MaxSumInLine.csproj", "{5FBEA77E-4207-457E-82A1-9C12F73E92B1}"
EndProject
Project("{FAE04EC0-301F-11D3-BF4B-00C04F79EFBC}") = "MaxSumInLineTests", "MaxSumInLineTests\MaxSumInLineTests.csproj", "{48E460DD-E27F-433B-BD10-6A95813DB77F}"
EndProject
Global
	GlobalSection(SolutionConfigurationPlatforms) = preSolution
		Debug|Any CPU = Debug|Any CPU
		Release|Any CPU = Release|Any CPU
	EndGlobalSection
	GlobalSection(ProjectConfigurationPlatforms) = postSolution
		{5FBEA77E-4207-457E-82A1-9C12F73E92B1}.Debug|Any CPU.ActiveCfg = Debug|Any CPU
		{5FBEA77E-4207-457E-82A1-9C12F73E92B1}.Debug|Any CPU.Build.0 = Debug|Any CPU
		{5FBEA77E-4207-457E-82A1-9C12F73E92B1}.Release|Any CPU.ActiveCfg = Release|Any CPU
		{5FBEA77E-4207-457E-82A1-9C12F73E92B1}.Release|Any CPU.Build.0 = Release|Any CPU
		{48E460DD-E27F-433B-BD10-6A95813DB77F}.Debug|Any CPU.ActiveCfg = Debug|Any CPU
		{48E460DD-E27F-433B-BD10-6A95813DB77F}.Debug|Any CPU.Build.0 = Debug|Any CPU
		{48E460DD-E27F-433B-BD10-6A95813DB77F}.Release|Any CPU.ActiveCfg = Release|Any CPU
		{48E460DD-E27F-433B-BD10-6A95813DB77F}.Release|Any CPU.Build.0 = Release|Any CPU
	EndGlobalSection
	GlobalSection(SolutionProperties) = preSolution
		HideSolutionNode = FALSE
	EndGlobalSection
	GlobalSection(ExtensibilityGlobals) = postSolution
		SolutionGuid = {2AF790AF-8803-4D10-974D-98C4B4610AE2}
	EndGlobalSection
EndGlobal
